// !$*UTF8*$!
{
	archiveVersion = 1;
	classes = {
	};
	objectVersion = 39;
	objects = {
		01F12F4CFEC8CE2211DB9C8B = {
			buildSettings = {
			};
			buildStyles = (
				0E20B662001FAFA711DB9C8B,
				0E20B663001FAFA711DB9C8B,
			);
			hasScannedForEncodings = 1;
			isa = PBXProject;
			mainGroup = 01F12F4DFEC8CE2211DB9C8B;
			productRefGroup = 01F12F4FFEC8CEF111DB9C8B;
			projectDirPath = "";
			targets = (
				1601BCDBFEEE210811DB9C8B,
			);
		};
		01F12F4DFEC8CE2211DB9C8B = {
			children = (
				BE6A527E04D96D72007E1108,
				BE6A528204D96D78007E1108,
				10F9BF62FEEDA25E11DB9C8B,
				01F12F4FFEC8CEF111DB9C8B,
				BE6A528704D96D8E007E1108,
			);
			isa = PBXGroup;
			refType = 4;
			sourceTree = "<group>";
		};
		01F12F4FFEC8CEF111DB9C8B = {
			children = (
				06D05853FF24F2DB11DB9C8B,
			);
			isa = PBXGroup;
			name = Products;
			refType = 4;
			sourceTree = "<group>";
		};
//010
//011
//012
//013
//014
//060
//061
//062
//063
//064
		06D05853FF24F2DB11DB9C8B = {
			expectedFileType = wrapper.application;
			fallbackIsa = PBXFileReference;
			isa = PBXApplicationReference;
			path = SoundRecord.app;
			refType = 3;
			sourceTree = BUILT_PRODUCTS_DIR;
		};
//060
//061
//062
//063
//064
//0E0
//0E1
//0E2
//0E3
//0E4
		0E20B662001FAFA711DB9C8B = {
			buildRules = (
			);
			buildSettings = {
				COPY_PHASE_STRIP = NO;
				GCC_DYNAMIC_NO_PIC = NO;
				GCC_ENABLE_FIX_AND_CONTINUE = YES;
				GCC_GENERATE_DEBUGGING_SYMBOLS = YES;
				GCC_OPTIMIZATION_LEVEL = 0;
				ZERO_LINK = YES;
			};
			isa = PBXBuildStyle;
			name = Development;
		};
		0E20B663001FAFA711DB9C8B = {
			buildRules = (
			);
			buildSettings = {
				COPY_PHASE_STRIP = YES;
				GCC_ENABLE_FIX_AND_CONTINUE = NO;
				ZERO_LINK = NO;
			};
			isa = PBXBuildStyle;
			name = Deployment;
		};
//0E0
//0E1
//0E2
//0E3
//0E4
//100
//101
//102
//103
//104
		10F9BF62FEEDA25E11DB9C8B = {
			expectedFileType = image.icns;
			isa = PBXFileReference;
			path = SoundRecord.icns;
			refType = 4;
			sourceTree = "<group>";
		};
//100
//101
//102
//103
//104
//160
//161
//162
//163
//164
		1601BCDBFEEE210811DB9C8B = {
			buildPhases = (
				1601BCDCFEEE210811DB9C8B,
				1601BCDEFEEE210811DB9C8B,
				1601BCDFFEEE210811DB9C8B,
				1601BCE2FEEE210811DB9C8B,
				6A88643101E695080CC91562,
			);
			buildSettings = {
				JAVA_ARCHIVE_COMPRESSION = NO;
				JAVA_COMPILER = /usr/bin/javac;
				JAVA_COMPILER_TARGET_VM_VERSION = 1.4;
				JAVA_ONLY = YES;
				JAVA_SOURCE_SUBDIR = .;
				PRODUCT_NAME = SoundRecord;
			};
			dependencies = (
			);
			isa = PBXApplicationTarget;
			name = SoundRecord;
			productName = SoundRecord;
			productReference = 06D05853FF24F2DB11DB9C8B;
			productSettingsXML = "<?xml version=\"1.0\" encoding=\"UTF-8\"?>
<!DOCTYPE plist PUBLIC \"-//Apple Computer//DTD PLIST 1.0//EN\" \"http://www.apple.com/DTDs/PropertyList-1.0.dtd\">
<plist version=\"1.0\">
<dict>
	<key>CFBundleDevelopmentRegion</key>
	<string>English</string>
	<key>CFBundleExecutable</key>
	<string>SoundRecord</string>
	<key>CFBundleGetInfoString</key>
	<string></string>
	<key>CFBundleIconFile</key>
	<string>SoundRecord.icns</string>
	<key>CFBundleIdentifier</key>
	<string></string>
	<key>CFBundleInfoDictionaryVersion</key>
	<string>6.0</string>
	<key>CFBundleName</key>
	<string>SoundRecord</string>
	<key>CFBundlePackageType</key>
	<string>APPL</string>
	<key>CFBundleShortVersionString</key>
	<string></string>
	<key>CFBundleSignature</key>
	<string>????</string>
	<key>CFBundleVersion</key>
	<string>0.1</string>
	<key>Java</key>
	<dict>
		<key>ClassPath</key>
		<string>$JAVAROOT/SoundRecord.jar</string>
		<key>JVMVersion</key>
		<string>1.4*</string>
		<key>MainClass</key>
		<string>SoundRecord</string>
		<key>Properties</key>
		<dict>
			<key>com.apple.macos.useScreenMenuBar</key>
			<string>true</string>
			<key>com.apple.mrj.application.apple.menu.about.name</key>
			<string>SoundRecord</string>
		</dict>
		<key>WorkingDirectory</key>
		<string>$APP_PACKAGE/Contents/Resources/Java</string>
	</dict>
	<key>NSJavaNeeded</key>
	<string>YES</string>
	<key>NSJavaPath</key>
	<array>
		<string>SoundRecord.jar</string>
	</array>
	<key>NSJavaRoot</key>
	<string>Contents/Resources/Java</string>
</dict>
</plist>
";
		};
		1601BCDCFEEE210811DB9C8B = {
			buildActionMask = 2147483647;
			files = (
				BE6A528504D96D83007E1108,
				BE6A528604D96D83007E1108,
			);
			isa = PBXSourcesBuildPhase;
			runOnlyForDeploymentPostprocessing = 0;
		};
		1601BCDEFEEE210811DB9C8B = {
			buildActionMask = 2147483647;
			files = (
				BE6A527F04D96D72007E1108,
			);
			isa = PBXJavaArchiveBuildPhase;
			runOnlyForDeploymentPostprocessing = 0;
		};
		1601BCDFFEEE210811DB9C8B = {
			buildActionMask = 2147483647;
			files = (
				1601BCE0FEEE210811DB9C8B,
			);
			isa = PBXResourcesBuildPhase;
			runOnlyForDeploymentPostprocessing = 0;
		};
		1601BCE0FEEE210811DB9C8B = {
			fileRef = 10F9BF62FEEDA25E11DB9C8B;
			isa = PBXBuildFile;
			settings = {
			};
		};
		1601BCE2FEEE210811DB9C8B = {
			buildActionMask = 2147483647;
			files = (
				BE6A528804D96D8E007E1108,
			);
			isa = PBXFrameworksBuildPhase;
			runOnlyForDeploymentPostprocessing = 0;
		};
//160
//161
//162
//163
//164
//6A0
//6A1
//6A2
//6A3
//6A4
		6A88643101E695080CC91562 = {
			buildActionMask = 2147483647;
			files = (
			);
			generatedFileNames = (
			);
			isa = PBXShellScriptBuildPhase;
			neededFileNames = (
			);
			runOnlyForDeploymentPostprocessing = 0;
			shellPath = /bin/sh;
			shellScript = "if [ \"${TARGET_BUILD_DIR}\" = \"\" ]; \nthen\n    TARGET_BUILD_DIR=${BUILD_DIR}\nfi\n\nALERTSTRINGS=\"OldJavaAlert.strings\"\nAPPLAUNCHRESDIR=\"/System/Library/PrivateFrameworks/JavaApplicationLauncher.framework/Resources\";\nLSH=`/bin/ls $APPLAUNCHRESDIR | /usr/bin/grep lproj`;\nRESOURCEDIR=\"${TARGET_BUILD_DIR}/$TARGET_NAME.app/Contents/Resources\"\n\nfor COPYDIR in $LSH\ndo\n        /bin/mkdir -p $RESOURCEDIR/$COPYDIR\n        /bin/cp \"$APPLAUNCHRESDIR/$COPYDIR/$ALERTSTRINGS\" \"$RESOURCEDIR/$COPYDIR\"\ndone";
		};
//6A0
//6A1
//6A2
//6A3
//6A4
//BE0
//BE1
//BE2
//BE3
//BE4
		BE6A527E04D96D72007E1108 = {
			expectedFileType = text;
			fileEncoding = 30;
			isa = PBXFileReference;
			path = README.txt;
			refType = 4;
			sourceTree = "<group>";
		};
		BE6A527F04D96D72007E1108 = {
			fileRef = BE6A527E04D96D72007E1108;
			isa = PBXBuildFile;
			settings = {
				JAVA_ARCHIVE_SUBDIR = "";
			};
		};
		BE6A528204D96D78007E1108 = {
			children = (
				BE6A528304D96D83007E1108,
				BE6A528404D96D83007E1108,
			);
			isa = PBXGroup;
			name = src;
			refType = 4;
			sourceTree = "<group>";
		};
		BE6A528304D96D83007E1108 = {
			expectedFileType = sourcecode.java;
			fileEncoding = 30;
			isa = PBXFileReference;
			name = PlayMovie.java;
			path = src/PlayMovie.java;
			refType = 4;
			sourceTree = "<group>";
		};
		BE6A528404D96D83007E1108 = {
			expectedFileType = sourcecode.java;
			fileEncoding = 30;
			isa = PBXFileReference;
			name = SoundRecord.java;
			path = src/SoundRecord.java;
			refType = 4;
			sourceTree = "<group>";
		};
		BE6A528504D96D83007E1108 = {
			fileRef = BE6A528304D96D83007E1108;
			isa = PBXBuildFile;
			settings = {
			};
		};
		BE6A528604D96D83007E1108 = {
			fileRef = BE6A528404D96D83007E1108;
			isa = PBXBuildFile;
			settings = {
			};
		};
		BE6A528704D96D8E007E1108 = {
			expectedFileType = archive.zip;
			isa = PBXFileReference;
			name = QTJava.zip;
			path = /System/Library/Java/Extensions/QTJava.zip;
			refType = 0;
			sourceTree = "<absolute>";
		};
		BE6A528804D96D8E007E1108 = {
			fileRef = BE6A528704D96D8E007E1108;
			isa = PBXBuildFile;
			settings = {
			};
		};
	};
	rootObject = 01F12F4CFEC8CE2211DB9C8B;
}
