// !$*UTF8*$!
{
	archiveVersion = 1;
	classes = {
	};
	objectVersion = 39;
	objects = {
		00E6828EFEC88D1A11DB9C8B = {
			buildSettings = {
			};
			buildStyles = (
				130F8B80001BD9A911CA292A,
				130F8B81001BD9A911CA292A,
			);
			hasScannedForEncodings = 1;
			isa = PBXProject;
			mainGroup = 00E6828FFEC88D1A11DB9C8B;
			productRefGroup = 0120612AFEC8923411DB9C8B;
			projectDirPath = "";
			targets = (
				130F8B84001BDB6411CA292A,
			);
		};
		00E6828FFEC88D1A11DB9C8B = {
			children = (
				0120612AFEC8923411DB9C8B,
				16D8178F04D8AABD006C2586,
				16D8179104D8AABD006C2586,
				16D8179504D8AAD2006C2586,
			);
			isa = PBXGroup;
			refType = 4;
			sourceTree = "<group>";
		};
//000
//001
//002
//003
//004
//010
//011
//012
//013
//014
		0120612AFEC8923411DB9C8B = {
			children = (
				329C727C0360BF8700C91783,
			);
			isa = PBXGroup;
			name = Products;
			refType = 4;
			sourceTree = "<group>";
		};
//010
//011
//012
//013
//014
//070
//071
//072
//073
//074
		075CAB5C04E2CF3400A04E67 = {
			expectedFileType = image.gif;
			isa = PBXFileReference;
			path = crossfad.gif;
			refType = 4;
			sourceTree = "<group>";
		};
		075CAB5D04E2CF3500A04E67 = {
			fileRef = 075CAB5C04E2CF3400A04E67;
			isa = PBXBuildFile;
			settings = {
				JAVA_ARCHIVE_SUBDIR = classes;
			};
		};
		075CAB6004E2CF6900A04E67 = {
			fileRef = 075CAB5C04E2CF3400A04E67;
			isa = PBXBuildFile;
			settings = {
			};
		};
//070
//071
//072
//073
//074
//130
//131
//132
//133
//134
		130F8B80001BD9A911CA292A = {
			buildRules = (
			);
			buildSettings = {
				COPY_PHASE_STRIP = NO;
				GCC_DYNAMIC_NO_PIC = NO;
				GCC_ENABLE_FIX_AND_CONTINUE = YES;
				GCC_GENERATE_DEBUGGING_SYMBOLS = YES;
				GCC_OPTIMIZATION_LEVEL = 0;
				ZERO_LINK = YES;
			};
			isa = PBXBuildStyle;
			name = Development;
		};
		130F8B81001BD9A911CA292A = {
			buildRules = (
			);
			buildSettings = {
				COPY_PHASE_STRIP = YES;
				GCC_ENABLE_FIX_AND_CONTINUE = NO;
				ZERO_LINK = NO;
			};
			isa = PBXBuildStyle;
			name = Deployment;
		};
		130F8B84001BDB6411CA292A = {
			buildPhases = (
				130F8B85001BDB6411CA292A,
				130F8B87001BDB6411CA292A,
				130F8B88001BDB6411CA292A,
				130F8B89001BDB6411CA292A,
			);
			buildSettings = {
				JAVA_ARCHIVE_CLASSES = YES;
				JAVA_ARCHIVE_COMPRESSION = NO;
				JAVA_ARCHIVE_TYPE = JAR;
				JAVA_COMPILER = /usr/bin/javac;
				JAVA_SOURCE_SUBDIR = .;
				PRODUCT_NAME = QTTestApplet;
				PURE_JAVA = YES;
				REZ_EXECUTABLE = YES;
			};
			dependencies = (
			);
			isa = PBXToolTarget;
			name = QTTestApplet;
			productInstallPath = /usr/local/bin;
			productName = JavaAWTApplet;
			productReference = 329C727C0360BF8700C91783;
		};
		130F8B85001BDB6411CA292A = {
			buildActionMask = 2147483647;
			files = (
				16D8179404D8AABD006C2586,
			);
			isa = PBXSourcesBuildPhase;
			runOnlyForDeploymentPostprocessing = 0;
		};
		130F8B87001BDB6411CA292A = {
			buildActionMask = 2147483647;
			files = (
				16D8179304D8AABD006C2586,
				075CAB5D04E2CF3500A04E67,
			);
			isa = PBXJavaArchiveBuildPhase;
			runOnlyForDeploymentPostprocessing = 0;
		};
		130F8B88001BDB6411CA292A = {
			buildActionMask = 2147483647;
			files = (
				16D8179604D8AAD2006C2586,
			);
			isa = PBXFrameworksBuildPhase;
			runOnlyForDeploymentPostprocessing = 0;
		};
		130F8B89001BDB6411CA292A = {
			buildActionMask = 2147483647;
			dstPath = "";
			dstSubfolderSpec = 16;
			files = (
				16D8179B04D8AAE0006C2586,
				075CAB6004E2CF6900A04E67,
			);
			isa = PBXCopyFilesBuildPhase;
			runOnlyForDeploymentPostprocessing = 0;
		};
//130
//131
//132
//133
//134
//160
//161
//162
//163
//164
		16D8178F04D8AABD006C2586 = {
			children = (
				16D8179004D8AABD006C2586,
				075CAB5C04E2CF3400A04E67,
			);
			isa = PBXGroup;
			path = classes;
			refType = 4;
			sourceTree = "<group>";
		};
		16D8179004D8AABD006C2586 = {
			expectedFileType = text.html;
			fileEncoding = 30;
			isa = PBXFileReference;
			path = test.html;
			refType = 4;
			sourceTree = "<group>";
		};
		16D8179104D8AABD006C2586 = {
			children = (
				16D8179204D8AABD006C2586,
			);
			isa = PBXGroup;
			path = src;
			refType = 4;
			sourceTree = "<group>";
		};
		16D8179204D8AABD006C2586 = {
			expectedFileType = sourcecode.java;
			fileEncoding = 30;
			isa = PBXFileReference;
			path = QTTestApplet.java;
			refType = 4;
			sourceTree = "<group>";
		};
		16D8179304D8AABD006C2586 = {
			fileRef = 16D8179004D8AABD006C2586;
			isa = PBXBuildFile;
			settings = {
				JAVA_ARCHIVE_SUBDIR = classes;
			};
		};
		16D8179404D8AABD006C2586 = {
			fileRef = 16D8179204D8AABD006C2586;
			isa = PBXBuildFile;
			settings = {
			};
		};
		16D8179504D8AAD2006C2586 = {
			expectedFileType = archive.zip;
			isa = PBXFileReference;
			name = QTJava.zip;
			path = /System/Library/Java/Extensions/QTJava.zip;
			refType = 0;
			sourceTree = "<absolute>";
		};
		16D8179604D8AAD2006C2586 = {
			fileRef = 16D8179504D8AAD2006C2586;
			isa = PBXBuildFile;
			settings = {
			};
		};
		16D8179B04D8AAE0006C2586 = {
			fileRef = 16D8179004D8AABD006C2586;
			isa = PBXBuildFile;
			settings = {
			};
		};
//160
//161
//162
//163
//164
//320
//321
//322
//323
//324
		329C727C0360BF8700C91783 = {
			expectedFileType = archive.jar;
			fallbackIsa = PBXFileReference;
			includeInIndex = 0;
			isa = PBXZipArchiveReference;
			path = QTTestApplet.jar;
			refType = 3;
			sourceTree = BUILT_PRODUCTS_DIR;
		};
	};
	rootObject = 00E6828EFEC88D1A11DB9C8B;
}
